
Microsoft Visual Studio Solution File, Format Version 12.00
# Visual Studio 15
VisualStudioVersion = 15.0.27004.2006
MinimumVisualStudioVersion = 10.0.40219.1
Project("{FAE04EC0-301F-11D3-BF4B-00C04F79EFBC}") = "LongestCommonSubsequence", "LongestCommonSubsequence\LongestCommonSubsequence.csproj", "{49FA3095-DC14-41EC-BAA5-4977A89E4D4C}"
EndProject
Project("{FAE04EC0-301F-11D3-BF4B-00C04F79EFBC}") = "LongestCommonSubsequence.Tests", "LongestCommonSubsequence.Tests\LongestCommonSubsequence.Tests.csproj", "{BF7401E4-9D33-4886-BBA5-8CC476908A05}"
EndProject
Global
	GlobalSection(SolutionConfigurationPlatforms) = preSolution
		Debug|Any CPU = Debug|Any CPU
		Release|Any CPU = Release|Any CPU
	EndGlobalSection
	GlobalSection(ProjectConfigurationPlatforms) = postSolution
		{49FA3095-DC14-41EC-BAA5-4977A89E4D4C}.Debug|Any CPU.ActiveCfg = Debug|Any CPU
		{49FA3095-DC14-41EC-BAA5-4977A89E4D4C}.Debug|Any CPU.Build.0 = Debug|Any CPU
		{49FA3095-DC14-41EC-BAA5-4977A89E4D4C}.Release|Any CPU.ActiveCfg = Release|Any CPU
		{49FA3095-DC14-41EC-BAA5-4977A89E4D4C}.Release|Any CPU.Build.0 = Release|Any CPU
		{BF7401E4-9D33-4886-BBA5-8CC476908A05}.Debug|Any CPU.ActiveCfg = Debug|Any CPU
		{BF7401E4-9D33-4886-BBA5-8CC476908A05}.Debug|Any CPU.Build.0 = Debug|Any CPU
		{BF7401E4-9D33-4886-BBA5-8CC476908A05}.Release|Any CPU.ActiveCfg = Release|Any CPU
		{BF7401E4-9D33-4886-BBA5-8CC476908A05}.Release|Any CPU.Build.0 = Release|Any CPU
	EndGlobalSection
	GlobalSection(SolutionProperties) = preSolution
		HideSolutionNode = FALSE
	EndGlobalSection
	GlobalSection(ExtensibilityGlobals) = postSolution
		SolutionGuid = {61DB7CE9-1FF8-429A-BE68-E741B671E85F}
	EndGlobalSection
EndGlobal
